// !$*UTF8*$!
{
	archiveVersion = 1;
	classes = {
	};
	objectVersion = 46;
	objects = {

/* Begin PBXBuildFile section */
		70BFB5DC1EEA7F080003E0A7 /* AppDelegate.swift in Sources */ = {isa = PBXBuildFile; fileRef = 70BFB5DB1EEA7F080003E0A7 /* AppDelegate.swift */; };
		70BFB5DE1EEA7F080003E0A7 /* ViewController.swift in Sources */ = {isa = PBXBuildFile; fileRef = 70BFB5DD1EEA7F080003E0A7 /* ViewController.swift */; };
		70BFB5E11EEA7F080003E0A7 /* Main.storyboard in Resources */ = {isa = PBXBuildFile; fileRef = 70BFB5DF1EEA7F080003E0A7 /* Main.storyboard */; };
		70BFB5E41EEA7F080003E0A7 /* Hello_World.xcdatamodeld in Sources */ = {isa = PBXBuildFile; fileRef = 70BFB5E21EEA7F080003E0A7 /* Hello_World.xcdatamodeld */; };
		70BFB5E61EEA7F080003E0A7 /* Assets.xcassets in Resources */ = {isa = PBXBuildFile; fileRef = 70BFB5E51EEA7F080003E0A7 /* Assets.xcassets */; };
		70BFB5E91EEA7F080003E0A7 /* LaunchScreen.storyboard in Resources */ = {isa = PBXBuildFile; fileRef = 70BFB5E71EEA7F080003E0A7 /* LaunchScreen.storyboard */; };
		70BFB5F41EEA7F080003E0A7 /* Hello_WorldTests.swift in Sources */ = {isa = PBXBuildFile; fileRef = 70BFB5F31EEA7F080003E0A7 /* Hello_WorldTests.swift */; };
		70BFB5FF1EEA7F080003E0A7 /* Hello_WorldUITests.swift in Sources */ = {isa = PBXBuildFile; fileRef = 70BFB5FE1EEA7F080003E0A7 /* Hello_WorldUITests.swift */; };
/* End PBXBuildFile section */

/* Begin PBXContainerItemProxy section */
		70BFB5F01EEA7F080003E0A7 /* PBXContainerItemProxy */ = {
			isa = PBXContainerItemProxy;
			containerPortal = 70BFB5D01EEA7F080003E0A7 /* Project object */;
			proxyType = 1;
			remoteGlobalIDString = 70BFB5D71EEA7F080003E0A7;
			remoteInfo = "Hello World";
		};
		70BFB5FB1EEA7F080003E0A7 /* PBXContainerItemProxy */ = {
			isa = PBXContainerItemProxy;
			containerPortal = 70BFB5D01EEA7F080003E0A7 /* Project object */;
			proxyType = 1;
			remoteGlobalIDString = 70BFB5D71EEA7F080003E0A7;
			remoteInfo = "Hello World";
		};
/* End PBXContainerItemProxy section */

/* Begin PBXFileReference section */
		70BFB5D81EEA7F080003E0A7 /* Hello World.app */ = {isa = PBXFileReference; explicitFileType = wrapper.application; includeInIndex = 0; path = "Hello World.app"; sourceTree = BUILT_PRODUCTS_DIR; };
		70BFB5DB1EEA7F080003E0A7 /* AppDelegate.swift */ = {isa = PBXFileReference; lastKnownFileType = sourcecode.swift; path = AppDelegate.swift; sourceTree = "<group>"; };
		70BFB5DD1EEA7F080003E0A7 /* ViewController.swift */ = {isa = PBXFileReference; lastKnownFileType = sourcecode.swift; path = ViewController.swift; sourceTree = "<group>"; };
		70BFB5E01EEA7F080003E0A7 /* Base */ = {isa = PBXFileReference; lastKnownFileType = file.storyboard; name = Base; path = Base.lproj/Main.storyboard; sourceTree = "<group>"; };
		70BFB5E31EEA7F080003E0A7 /* Hello_World.xcdatamodel */ = {isa = PBXFileReference; lastKnownFileType = wrapper.xcdatamodel; path = Hello_World.xcdatamodel; sourceTree = "<group>"; };
		70BFB5E51EEA7F080003E0A7 /* Assets.xcassets */ = {isa = PBXFileReference; lastKnownFileType = folder.assetcatalog; path = Assets.xcassets; sourceTree = "<group>"; };
		70BFB5E81EEA7F080003E0A7 /* Base */ = {isa = PBXFileReference; lastKnownFileType = file.storyboard; name = Base; path = Base.lproj/LaunchScreen.storyboard; sourceTree = "<group>"; };
		70BFB5EA1EEA7F080003E0A7 /* Info.plist */ = {isa = PBXFileReference; lastKnownFileType = text.plist.xml; path = Info.plist; sourceTree = "<group>"; };
		70BFB5EF1EEA7F080003E0A7 /* Hello WorldTests.xctest */ = {isa = PBXFileReference; explicitFileType = wrapper.cfbundle; includeInIndex = 0; path = "Hello WorldTests.xctest"; sourceTree = BUILT_PRODUCTS_DIR; };
		70BFB5F31EEA7F080003E0A7 /* Hello_WorldTests.swift */ = {isa = PBXFileReference; lastKnownFileType = sourcecode.swift; path = Hello_WorldTests.swift; sourceTree = "<group>"; };
		70BFB5F51EEA7F080003E0A7 /* Info.plist */ = {isa = PBXFileReference; lastKnownFileType = text.plist.xml; path = Info.plist; sourceTree = "<group>"; };
		70BFB5FA1EEA7F080003E0A7 /* Hello WorldUITests.xctest */ = {isa = PBXFileReference; explicitFileType = wrapper.cfbundle; includeInIndex = 0; path = "Hello WorldUITests.xctest"; sourceTree = BUILT_PRODUCTS_DIR; };
		70BFB5FE1EEA7F080003E0A7 /* Hello_WorldUITests.swift */ = {isa = PBXFileReference; lastKnownFileType = sourcecode.swift; path = Hello_WorldUITests.swift; sourceTree = "<group>"; };
		70BFB6001EEA7F080003E0A7 /* Info.plist */ = {isa = PBXFileReference; lastKnownFileType = text.plist.xml; path = Info.plist; sourceTree = "<group>"; };
/* End PBXFileReference section */

/* Begin PBXFrameworksBuildPhase section */
		70BFB5D51EEA7F080003E0A7 /* Frameworks */ = {
			isa = PBXFrameworksBuildPhase;
			buildActionMask = 2147483647;
			files = (
			);
			runOnlyForDeploymentPostprocessing = 0;
		};
		70BFB5EC1EEA7F080003E0A7 /* Frameworks */ = {
			isa = PBXFrameworksBuildPhase;
			buildActionMask = 2147483647;
			files = (
			);
			runOnlyForDeploymentPostprocessing = 0;
		};
		70BFB5F71EEA7F080003E0A7 /* Frameworks */ = {
			isa = PBXFrameworksBuildPhase;
			buildActionMask = 2147483647;
			files = (
			);
			runOnlyForDeploymentPostprocessing = 0;
		};
/* End PBXFrameworksBuildPhase section */

/* Begin PBXGroup section */
		70BFB5CF1EEA7F080003E0A7 = {
			isa = PBXGroup;
			children = (
				70BFB5DA1EEA7F080003E0A7 /* Hello World */,
				70BFB5F21EEA7F080003E0A7 /* Hello WorldTests */,
				70BFB5FD1EEA7F080003E0A7 /* Hello WorldUITests */,
				70BFB5D91EEA7F080003E0A7 /* Products */,
			);
			sourceTree = "<group>";
		};
		70BFB5D91EEA7F080003E0A7 /* Products */ = {
			isa = PBXGroup;
			children = (
				70BFB5D81EEA7F080003E0A7 /* Hello World.app */,
				70BFB5EF1EEA7F080003E0A7 /* Hello WorldTests.xctest */,
				70BFB5FA1EEA7F080003E0A7 /* Hello WorldUITests.xctest */,
			);
			name = Products;
			sourceTree = "<group>";
		};
		70BFB5DA1EEA7F080003E0A7 /* Hello World */ = {
			isa = PBXGroup;
			children = (
				70BFB5DB1EEA7F080003E0A7 /* AppDelegate.swift */,
				70BFB5DD1EEA7F080003E0A7 /* ViewController.swift */,
				70BFB5DF1EEA7F080003E0A7 /* Main.storyboard */,
				70BFB5E51EEA7F080003E0A7 /* Assets.xcassets */,
				70BFB5E71EEA7F080003E0A7 /* LaunchScreen.storyboard */,
				70BFB5EA1EEA7F080003E0A7 /* Info.plist */,
				70BFB5E21EEA7F080003E0A7 /* Hello_World.xcdatamodeld */,
			);
			path = "Hello World";
			sourceTree = "<group>";
		};
		70BFB5F21EEA7F080003E0A7 /* Hello WorldTests */ = {
			isa = PBXGroup;
			children = (
				70BFB5F31EEA7F080003E0A7 /* Hello_WorldTests.swift */,
				70BFB5F51EEA7F080003E0A7 /* Info.plist */,
			);
			path = "Hello WorldTests";
			sourceTree = "<group>";
		};
		70BFB5FD1EEA7F080003E0A7 /* Hello WorldUITests */ = {
			isa = PBXGroup;
			children = (
				70BFB5FE1EEA7F080003E0A7 /* Hello_WorldUITests.swift */,
				70BFB6001EEA7F080003E0A7 /* Info.plist */,
			);
			path = "Hello WorldUITests";
			sourceTree = "<group>";
		};
/* End PBXGroup section */

/* Begin PBXNativeTarget section */
		70BFB5D71EEA7F080003E0A7 /* Hello World */ = {
			isa = PBXNativeTarget;
			buildConfigurationList = 70BFB6031EEA7F080003E0A7 /* Build configuration list for PBXNativeTarget "Hello World" */;
			buildPhases = (
				70BFB5D41EEA7F080003E0A7 /* Sources */,
				70BFB5D51EEA7F080003E0A7 /* Frameworks */,
				70BFB5D61EEA7F080003E0A7 /* Resources */,
			);
			buildRules = (
			);
			dependencies = (
			);
			name = "Hello World";
			productName = "Hello World";
			productReference = 70BFB5D81EEA7F080003E0A7 /* Hello World.app */;
			productType = "com.apple.product-type.application";
		};
		70BFB5EE1EEA7F080003E0A7 /* Hello WorldTests */ = {
			isa = PBXNativeTarget;
			buildConfigurationList = 70BFB6061EEA7F080003E0A7 /* Build configuration list for PBXNativeTarget "Hello WorldTests" */;
			buildPhases = (
				70BFB5EB1EEA7F080003E0A7 /* Sources */,
				70BFB5EC1EEA7F080003E0A7 /* Frameworks */,
				70BFB5ED1EEA7F080003E0A7 /* Resources */,
			);
			buildRules = (
			);
			dependencies = (
				70BFB5F11EEA7F080003E0A7 /* PBXTargetDependency */,
			);
			name = "Hello WorldTests";
			productName = "Hello WorldTests";
			productReference = 70BFB5EF1EEA7F080003E0A7 /* Hello WorldTests.xctest */;
			productType = "com.apple.product-type.bundle.unit-test";
		};
		70BFB5F91EEA7F080003E0A7 /* Hello WorldUITests */ = {
			isa = PBXNativeTarget;
			buildConfigurationList = 70BFB6091EEA7F080003E0A7 /* Build configuration list for PBXNativeTarget "Hello WorldUITests" */;
			buildPhases = (
				70BFB5F61EEA7F080003E0A7 /* Sources */,
				70BFB5F71EEA7F080003E0A7 /* Frameworks */,
				70BFB5F81EEA7F080003E0A7 /* Resources */,
			);
			buildRules = (
			);
			dependencies = (
				70BFB5FC1EEA7F080003E0A7 /* PBXTargetDependency */,
			);
			name = "Hello WorldUITests";
			productName = "Hello WorldUITests";
			productReference = 70BFB5FA1EEA7F080003E0A7 /* Hello WorldUITests.xctest */;
			productType = "com.apple.product-type.bundle.ui-testing";
		};
/* End PBXNativeTarget section */

/* Begin PBXProject section */
		70BFB5D01EEA7F080003E0A7 /* Project object */ = {
			isa = PBXProject;
			attributes = {
				LastSwiftUpdateCheck = 0830;
				LastUpgradeCheck = 0830;
				ORGANIZATIONNAME = "Austin Parrish";
				TargetAttributes = {
					70BFB5D71EEA7F080003E0A7 = {
						CreatedOnToolsVersion = 8.3.3;
						ProvisioningStyle = Automatic;
					};
					70BFB5EE1EEA7F080003E0A7 = {
						CreatedOnToolsVersion = 8.3.3;
						ProvisioningStyle = Automatic;
						TestTargetID = 70BFB5D71EEA7F080003E0A7;
					};
					70BFB5F91EEA7F080003E0A7 = {
						CreatedOnToolsVersion = 8.3.3;
						ProvisioningStyle = Automatic;
						TestTargetID = 70BFB5D71EEA7F080003E0A7;
					};
				};
			};
			buildConfigurationList = 70BFB5D31EEA7F080003E0A7 /* Build configuration list for PBXProject "Hello World" */;
			compatibilityVersion = "Xcode 3.2";
			developmentRegion = English;
			hasScannedForEncodings = 0;
			knownRegions = (
				en,
				Base,
			);
			mainGroup = 70BFB5CF1EEA7F080003E0A7;
			productRefGroup = 70BFB5D91EEA7F080003E0A7 /* Products */;
			projectDirPath = "";
			projectRoot = "";
			targets = (
				70BFB5D71EEA7F080003E0A7 /* Hello World */,
				70BFB5EE1EEA7F080003E0A7 /* Hello WorldTests */,
				70BFB5F91EEA7F080003E0A7 /* Hello WorldUITests */,
			);
		};
/* End PBXProject section */

/* Begin PBXResourcesBuildPhase section */
		70BFB5D61EEA7F080003E0A7 /* Resources */ = {
			isa = PBXResourcesBuildPhase;
			buildActionMask = 2147483647;
			files = (
				70BFB5E91EEA7F080003E0A7 /* LaunchScreen.storyboard in Resources */,
				70BFB5E61EEA7F080003E0A7 /* Assets.xcassets in Resources */,
				70BFB5E11EEA7F080003E0A7 /* Main.storyboard in Resources */,
			);
			runOnlyForDeploymentPostprocessing = 0;
		};
		70BFB5ED1EEA7F080003E0A7 /* Resources */ = {
			isa = PBXResourcesBuildPhase;
			buildActionMask = 2147483647;
			files = (
			);
			runOnlyForDeploymentPostprocessing = 0;
		};
		70BFB5F81EEA7F080003E0A7 /* Resources */ = {
			isa = PBXResourcesBuildPhase;
			buildActionMask = 2147483647;
			files = (
			);
			runOnlyForDeploymentPostprocessing = 0;
		};
/* End PBXResourcesBuildPhase section */

/* Begin PBXSourcesBuildPhase section */
		70BFB5D41EEA7F080003E0A7 /* Sources */ = {
			isa = PBXSourcesBuildPhase;
			buildActionMask = 2147483647;
			files = (
				70BFB5E41EEA7F080003E0A7 /* Hello_World.xcdatamodeld in Sources */,
				70BFB5DE1EEA7F080003E0A7 /* ViewController.swift in Sources */,
				70BFB5DC1EEA7F080003E0A7 /* AppDelegate.swift in Sources */,
			);
			runOnlyForDeploymentPostprocessing = 0;
		};
		70BFB5EB1EEA7F080003E0A7 /* Sources */ = {
			isa = PBXSourcesBuildPhase;
			buildActionMask = 2147483647;
			files = (
				70BFB5F41EEA7F080003E0A7 /* Hello_WorldTests.swift in Sources */,
			);
			runOnlyForDeploymentPostprocessing = 0;
		};
		70BFB5F61EEA7F080003E0A7 /* Sources */ = {
			isa = PBXSourcesBuildPhase;
			buildActionMask = 2147483647;
			files = (
				70BFB5FF1EEA7F080003E0A7 /* Hello_WorldUITests.swift in Sources */,
			);
			runOnlyForDeploymentPostprocessing = 0;
		};
/* End PBXSourcesBuildPhase section */

/* Begin PBXTargetDependency section */
		70BFB5F11EEA7F080003E0A7 /* PBXTargetDependency */ = {
			isa = PBXTargetDependency;
			target = 70BFB5D71EEA7F080003E0A7 /* Hello World */;
			targetProxy = 70BFB5F01EEA7F080003E0A7 /* PBXContainerItemProxy */;
		};
		70BFB5FC1EEA7F080003E0A7 /* PBXTargetDependency */ = {
			isa = PBXTargetDependency;
			target = 70BFB5D71EEA7F080003E0A7 /* Hello World */;
			targetProxy = 70BFB5FB1EEA7F080003E0A7 /* PBXContainerItemProxy */;
		};
/* End PBXTargetDependency section */

/* Begin PBXVariantGroup section */
		70BFB5DF1EEA7F080003E0A7 /* Main.storyboard */ = {
			isa = PBXVariantGroup;
			children = (
				70BFB5E01EEA7F080003E0A7 /* Base */,
			);
			name = Main.storyboard;
			sourceTree = "<group>";
		};
		70BFB5E71EEA7F080003E0A7 /* LaunchScreen.storyboard */ = {
			isa = PBXVariantGroup;
			children = (
				70BFB5E81EEA7F080003E0A7 /* Base */,
			);
			name = LaunchScreen.storyboard;
			sourceTree = "<group>";
		};
/* End PBXVariantGroup section */

/* Begin XCBuildConfiguration section */
		70BFB6011EEA7F080003E0A7 /* Debug */ = {
			isa = XCBuildConfiguration;
			buildSettings = {
				ALWAYS_SEARCH_USER_PATHS = NO;
				CLANG_ANALYZER_NONNULL = YES;
				CLANG_ANALYZER_NUMBER_OBJECT_CONVERSION = YES_AGGRESSIVE;
				CLANG_CXX_LANGUAGE_STANDARD = "gnu++0x";
				CLANG_CXX_LIBRARY = "libc++";
				CLANG_ENABLE_MODULES = YES;
				CLANG_ENABLE_OBJC_ARC = YES;
				CLANG_WARN_BOOL_CONVERSION = YES;
				CLANG_WARN_CONSTANT_CONVERSION = YES;
				CLANG_WARN_DIRECT_OBJC_ISA_USAGE = YES_ERROR;
				CLANG_WARN_DOCUMENTATION_COMMENTS = YES;
				CLANG_WARN_EMPTY_BODY = YES;
				CLANG_WARN_ENUM_CONVERSION = YES;
				CLANG_WARN_INFINITE_RECURSION = YES;
				CLANG_WARN_INT_CONVERSION = YES;
				CLANG_WARN_OBJC_ROOT_CLASS = YES_ERROR;
				CLANG_WARN_SUSPICIOUS_MOVE = YES;
				CLANG_WARN_UNREACHABLE_CODE = YES;
				CLANG_WARN__DUPLICATE_METHOD_MATCH = YES;
				"CODE_SIGN_IDENTITY[sdk=iphoneos*]" = "iPhone Developer";
				COPY_PHASE_STRIP = NO;
				DEBUG_INFORMATION_FORMAT = dwarf;
				ENABLE_STRICT_OBJC_MSGSEND = YES;
				ENABLE_TESTABILITY = YES;
				GCC_C_LANGUAGE_STANDARD = gnu99;
				GCC_DYNAMIC_NO_PIC = NO;
				GCC_NO_COMMON_BLOCKS = YES;
				GCC_OPTIMIZATION_LEVEL = 0;
				GCC_PREPROCESSOR_DEFINITIONS = (
					"DEBUG=1",
					"$(inherited)",
				);
				GCC_WARN_64_TO_32_BIT_CONVERSION = YES;
				GCC_WARN_ABOUT_RETURN_TYPE = YES_ERROR;
				GCC_WARN_UNDECLARED_SELECTOR = YES;
				GCC_WARN_UNINITIALIZED_AUTOS = YES_AGGRESSIVE;
				GCC_WARN_UNUSED_FUNCTION = YES;
				GCC_WARN_UNUSED_VARIABLE = YES;
				IPHONEOS_DEPLOYMENT_TARGET = 10.3;
				MTL_ENABLE_DEBUG_INFO = YES;
				ONLY_ACTIVE_ARCH = YES;
				SDKROOT = iphoneos;
				SWIFT_ACTIVE_COMPILATION_CONDITIONS = DEBUG;
				SWIFT_OPTIMIZATION_LEVEL = "-Onone";
				TARGETED_DEVICE_FAMILY = "1,2";
			};
			name = Debug;
		};
		70BFB6021EEA7F080003E0A7 /* Release */ = {
			isa = XCBuildConfiguration;
			buildSettings = {
				ALWAYS_SEARCH_USER_PATHS = NO;
				CLANG_ANALYZER_NONNULL = YES;
				CLANG_ANALYZER_NUMBER_OBJECT_CONVERSION = YES_AGGRESSIVE;
				CLANG_CXX_LANGUAGE_STANDARD = "gnu++0x";
				CLANG_CXX_LIBRARY = "libc++";
				CLANG_ENABLE_MODULES = YES;
				CLANG_ENABLE_OBJC_ARC = YES;
				CLANG_WARN_BOOL_CONVERSION = YES;
				CLANG_WARN_CONSTANT_CONVERSION = YES;
				CLANG_WARN_DIRECT_OBJC_ISA_USAGE = YES_ERROR;
				CLANG_WARN_DOCUMENTATION_COMMENTS = YES;
				CLANG_WARN_EMPTY_BODY = YES;
				CLANG_WARN_ENUM_CONVERSION = YES;
				CLANG_WARN_INFINITE_RECURSION = YES;
				CLANG_WARN_INT_CONVERSION = YES;
				CLANG_WARN_OBJC_ROOT_CLASS = YES_ERROR;
				CLANG_WARN_SUSPICIOUS_MOVE = YES;
				CLANG_WARN_UNREACHABLE_CODE = YES;
				CLANG_WARN__DUPLICATE_METHOD_MATCH = YES;
				"CODE_SIGN_IDENTITY[sdk=iphoneos*]" = "iPhone Developer";
				COPY_PHASE_STRIP = NO;
				DEBUG_INFORMATION_FORMAT = "dwarf-with-dsym";
				ENABLE_NS_ASSERTIONS = NO;
				ENABLE_STRICT_OBJC_MSGSEND = YES;
				GCC_C_LANGUAGE_STANDARD = gnu99;
				GCC_NO_COMMON_BLOCKS = YES;
				GCC_WARN_64_TO_32_BIT_CONVERSION = YES;
				GCC_WARN_ABOUT_RETURN_TYPE = YES_ERROR;
				GCC_WARN_UNDECLARED_SELECTOR = YES;
				GCC_WARN_UNINITIALIZED_AUTOS = YES_AGGRESSIVE;
				GCC_WARN_UNUSED_FUNCTION = YES;
				GCC_WARN_UNUSED_VARIABLE = YES;
				IPHONEOS_DEPLOYMENT_TARGET = 10.3;
				MTL_ENABLE_DEBUG_INFO = NO;
				SDKROOT = iphoneos;
				SWIFT_OPTIMIZATION_LEVEL = "-Owholemodule";
				TARGETED_DEVICE_FAMILY = "1,2";
				VALIDATE_PRODUCT = YES;
			};
			name = Release;
		};
		70BFB6041EEA7F080003E0A7 /* Debug */ = {
			isa = XCBuildConfiguration;
			buildSettings = {
				ASSETCATALOG_COMPILER_APPICON_NAME = AppIcon;
				INFOPLIST_FILE = "Hello World/Info.plist";
				LD_RUNPATH_SEARCH_PATHS = "$(inherited) @executable_path/Frameworks";
				PRODUCT_BUNDLE_IDENTIFIER = "edu.Missouri.Hello-World";
				PRODUCT_NAME = "$(TARGET_NAME)";
				SWIFT_VERSION = 3.0;
			};
			name = Debug;
		};
		70BFB6051EEA7F080003E0A7 /* Release */ = {
			isa = XCBuildConfiguration;
			buildSettings = {
				ASSETCATALOG_COMPILER_APPICON_NAME = AppIcon;
				INFOPLIST_FILE = "Hello World/Info.plist";
				LD_RUNPATH_SEARCH_PATHS = "$(inherited) @executable_path/Frameworks";
				PRODUCT_BUNDLE_IDENTIFIER = "edu.Missouri.Hello-World";
				PRODUCT_NAME = "$(TARGET_NAME)";
				SWIFT_VERSION = 3.0;
			};
			name = Release;
		};
		70BFB6071EEA7F080003E0A7 /* Debug */ = {
			isa = XCBuildConfiguration;
			buildSettings = {
				ALWAYS_EMBED_SWIFT_STANDARD_LIBRARIES = YES;
				BUNDLE_LOADER = "$(TEST_HOST)";
				INFOPLIST_FILE = "Hello WorldTests/Info.plist";
				LD_RUNPATH_SEARCH_PATHS = "$(inherited) @executable_path/Frameworks @loader_path/Frameworks";
				PRODUCT_BUNDLE_IDENTIFIER = "edu.Missouri.Hello-WorldTests";
				PRODUCT_NAME = "$(TARGET_NAME)";
				SWIFT_VERSION = 3.0;
				TEST_HOST = "$(BUILT_PRODUCTS_DIR)/Hello World.app/Hello World";
			};
			name = Debug;
		};
		70BFB6081EEA7F080003E0A7 /* Release */ = {
			isa = XCBuildConfiguration;
			buildSettings = {
				ALWAYS_EMBED_SWIFT_STANDARD_LIBRARIES = YES;
				BUNDLE_LOADER = "$(TEST_HOST)";
				INFOPLIST_FILE = "Hello WorldTests/Info.plist";
				LD_RUNPATH_SEARCH_PATHS = "$(inherited) @executable_path/Frameworks @loader_path/Frameworks";
				PRODUCT_BUNDLE_IDENTIFIER = "edu.Missouri.Hello-WorldTests";
				PRODUCT_NAME = "$(TARGET_NAME)";
				SWIFT_VERSION = 3.0;
				TEST_HOST = "$(BUILT_PRODUCTS_DIR)/Hello World.app/Hello World";
			};
			name = Release;
		};
		70BFB60A1EEA7F080003E0A7 /* Debug */ = {
			isa = XCBuildConfiguration;
			buildSettings = {
				ALWAYS_EMBED_SWIFT_STANDARD_LIBRARIES = YES;
				INFOPLIST_FILE = "Hello WorldUITests/Info.plist";
				LD_RUNPATH_SEARCH_PATHS = "$(inherited) @executable_path/Frameworks @loader_path/Frameworks";
				PRODUCT_BUNDLE_IDENTIFIER = "edu.Missouri.Hello-WorldUITests";
				PRODUCT_NAME = "$(TARGET_NAME)";
				SWIFT_VERSION = 3.0;
				TEST_TARGET_NAME = "Hello World";
			};
			name = Debug;
		};
		70BFB60B1EEA7F080003E0A7 /* Release */ = {
			isa = XCBuildConfiguration;
			buildSettings = {
				ALWAYS_EMBED_SWIFT_STANDARD_LIBRARIES = YES;
				INFOPLIST_FILE = "Hello WorldUITests/Info.plist";
				LD_RUNPATH_SEARCH_PATHS = "$(inherited) @executable_path/Frameworks @loader_path/Frameworks";
				PRODUCT_BUNDLE_IDENTIFIER = "edu.Missouri.Hello-WorldUITests";
				PRODUCT_NAME = "$(TARGET_NAME)";
				SWIFT_VERSION = 3.0;
				TEST_TARGET_NAME = "Hello World";
			};
			name = Release;
		};
/* End XCBuildConfiguration section */

/* Begin XCConfigurationList section */
		70BFB5D31EEA7F080003E0A7 /* Build configuration list for PBXProject "Hello World" */ = {
			isa = XCConfigurationList;
			buildConfigurations = (
				70BFB6011EEA7F080003E0A7 /* Debug */,
				70BFB6021EEA7F080003E0A7 /* Release */,
			);
			defaultConfigurationIsVisible = 0;
			defaultConfigurationName = Release;
		};
		70BFB6031EEA7F080003E0A7 /* Build configuration list for PBXNativeTarget "Hello World" */ = {
			isa = XCConfigurationList;
			buildConfigurations = (
				70BFB6041EEA7F080003E0A7 /* Debug */,
				70BFB6051EEA7F080003E0A7 /* Release */,
			);
			defaultConfigurationIsVisible = 0;
		};
		70BFB6061EEA7F080003E0A7 /* Build configuration list for PBXNativeTarget "Hello WorldTests" */ = {
			isa = XCConfigurationList;
			buildConfigurations = (
				70BFB6071EEA7F080003E0A7 /* Debug */,
				70BFB6081EEA7F080003E0A7 /* Release */,
			);
			defaultConfigurationIsVisible = 0;
		};
		70BFB6091EEA7F080003E0A7 /* Build configuration list for PBXNativeTarget "Hello WorldUITests" */ = {
			isa = XCConfigurationList;
			buildConfigurations = (
				70BFB60A1EEA7F080003E0A7 /* Debug */,
				70BFB60B1EEA7F080003E0A7 /* Release */,
			);
			defaultConfigurationIsVisible = 0;
		};
/* End XCConfigurationList section */

/* Begin XCVersionGroup section */
		70BFB5E21EEA7F080003E0A7 /* Hello_World.xcdatamodeld */ = {
			isa = XCVersionGroup;
			children = (
				70BFB5E31EEA7F080003E0A7 /* Hello_World.xcdatamodel */,
			);
			currentVersion = 70BFB5E31EEA7F080003E0A7 /* Hello_World.xcdatamodel */;
			path = Hello_World.xcdatamodeld;
			sourceTree = "<group>";
			versionGroupType = wrapper.xcdatamodel;
		};
/* End XCVersionGroup section */
	};
	rootObject = 70BFB5D01EEA7F080003E0A7 /* Project object */;
}
